
Microsoft Visual Studio Solution File, Format Version 12.00
# Visual Studio Version 17
VisualStudioVersion = 17.11.35312.102
MinimumVisualStudioVersion = 10.0.40219.1
Project("{FAE04EC0-301F-11D3-BF4B-00C04F79EFBC}") = "Floor is lava", "Floor is lava.csproj", "{2EDBC8BE-0412-4A1F-B4E8-7ABA3197C109}"
EndProject
Global
	GlobalSection(SolutionConfigurationPlatforms) = preSolution
		Debug|Any CPU = Debug|Any CPU
		Release|Any CPU = Release|Any CPU
	EndGlobalSection
	GlobalSection(ProjectConfigurationPlatforms) = postSolution
		{2EDBC8BE-0412-4A1F-B4E8-7ABA3197C109}.Debug|Any CPU.ActiveCfg = Debug|Any CPU
		{2EDBC8BE-0412-4A1F-B4E8-7ABA3197C109}.Debug|Any CPU.Build.0 = Debug|Any CPU
		{2EDBC8BE-0412-4A1F-B4E8-7ABA3197C109}.Release|Any CPU.ActiveCfg = Release|Any CPU
		{2EDBC8BE-0412-4A1F-B4E8-7ABA3197C109}.Release|Any CPU.Build.0 = Release|Any CPU
	EndGlobalSection
	GlobalSection(SolutionProperties) = preSolution
		HideSolutionNode = FALSE
	EndGlobalSection
	GlobalSection(ExtensibilityGlobals) = postSolution
		SolutionGuid = {87C4300B-2008-4DDF-82CC-C6934DB08193}
	EndGlobalSection
EndGlobal
